
Microsoft Visual Studio Solution File, Format Version 12.00
# Visual Studio Version 17
VisualStudioVersion = 17.3.32825.248
MinimumVisualStudioVersion = 10.0.40219.1
Project("{FAE04EC0-301F-11D3-BF4B-00C04F79EFBC}") = "Lib", "52000109_Lab9\Lib.csproj", "{59380901-017C-48D4-BFA6-69EAA9733F54}"
EndProject
Project("{FAE04EC0-301F-11D3-BF4B-00C04F79EFBC}") = "Test", "Test\Test.csproj", "{34D8FF93-21B4-41F2-BDDF-22335671EBA5}"
EndProject
Global
	GlobalSection(SolutionConfigurationPlatforms) = preSolution
		Debug|Any CPU = Debug|Any CPU
		Release|Any CPU = Release|Any CPU
	EndGlobalSection
	GlobalSection(ProjectConfigurationPlatforms) = postSolution
		{59380901-017C-48D4-BFA6-69EAA9733F54}.Debug|Any CPU.ActiveCfg = Debug|Any CPU
		{59380901-017C-48D4-BFA6-69EAA9733F54}.Debug|Any CPU.Build.0 = Debug|Any CPU
		{59380901-017C-48D4-BFA6-69EAA9733F54}.Release|Any CPU.ActiveCfg = Release|Any CPU
		{59380901-017C-48D4-BFA6-69EAA9733F54}.Release|Any CPU.Build.0 = Release|Any CPU
		{34D8FF93-21B4-41F2-BDDF-22335671EBA5}.Debug|Any CPU.ActiveCfg = Debug|Any CPU
		{34D8FF93-21B4-41F2-BDDF-22335671EBA5}.Debug|Any CPU.Build.0 = Debug|Any CPU
		{34D8FF93-21B4-41F2-BDDF-22335671EBA5}.Release|Any CPU.ActiveCfg = Release|Any CPU
		{34D8FF93-21B4-41F2-BDDF-22335671EBA5}.Release|Any CPU.Build.0 = Release|Any CPU
	EndGlobalSection
	GlobalSection(SolutionProperties) = preSolution
		HideSolutionNode = FALSE
	EndGlobalSection
	GlobalSection(ExtensibilityGlobals) = postSolution
		SolutionGuid = {01B1DB4C-5BEF-415F-965E-4E1B177C5631}
	EndGlobalSection
EndGlobal
